
Microsoft Visual Studio Solution File, Format Version 12.00
# Visual Studio Version 16
VisualStudioVersion = 16.0.29503.13
MinimumVisualStudioVersion = 10.0.40219.1
Project("{FAE04EC0-301F-11D3-BF4B-00C04F79EFBC}") = "TrafficLightLib", "TrafficLightLib\TrafficLightLib.csproj", "{094E37D1-62F0-4EAD-A11C-D31E582CFBE4}"
EndProject
Project("{FAE04EC0-301F-11D3-BF4B-00C04F79EFBC}") = "TrafficLightLibTests", "TrafficLightLibTests\TrafficLightLibTests.csproj", "{88F2B9FE-1B84-423D-B0A5-AE24B79E4EA0}"
EndProject
Global
	GlobalSection(SolutionConfigurationPlatforms) = preSolution
		Debug|Any CPU = Debug|Any CPU
		Release|Any CPU = Release|Any CPU
	EndGlobalSection
	GlobalSection(ProjectConfigurationPlatforms) = postSolution
		{094E37D1-62F0-4EAD-A11C-D31E582CFBE4}.Debug|Any CPU.ActiveCfg = Debug|Any CPU
		{094E37D1-62F0-4EAD-A11C-D31E582CFBE4}.Debug|Any CPU.Build.0 = Debug|Any CPU
		{094E37D1-62F0-4EAD-A11C-D31E582CFBE4}.Release|Any CPU.ActiveCfg = Release|Any CPU
		{094E37D1-62F0-4EAD-A11C-D31E582CFBE4}.Release|Any CPU.Build.0 = Release|Any CPU
		{88F2B9FE-1B84-423D-B0A5-AE24B79E4EA0}.Debug|Any CPU.ActiveCfg = Debug|Any CPU
		{88F2B9FE-1B84-423D-B0A5-AE24B79E4EA0}.Debug|Any CPU.Build.0 = Debug|Any CPU
		{88F2B9FE-1B84-423D-B0A5-AE24B79E4EA0}.Release|Any CPU.ActiveCfg = Release|Any CPU
		{88F2B9FE-1B84-423D-B0A5-AE24B79E4EA0}.Release|Any CPU.Build.0 = Release|Any CPU
	EndGlobalSection
	GlobalSection(SolutionProperties) = preSolution
		HideSolutionNode = FALSE
	EndGlobalSection
	GlobalSection(ExtensibilityGlobals) = postSolution
		SolutionGuid = {E9819368-0045-4485-9545-4232F1C13877}
	EndGlobalSection
EndGlobal
